
Microsoft Visual Studio Solution File, Format Version 12.00
# Visual Studio Version 17
VisualStudioVersion = 17.5.002.0
MinimumVisualStudioVersion = 10.0.40219.1
Project("{9A19103F-16F7-4668-BE54-9A1E7A4F7556}") = "Program", "Program.csproj", "{5AB6E707-40B6-4192-8624-AF5C59CD186E}"
EndProject
Global
	GlobalSection(SolutionConfigurationPlatforms) = preSolution
		Debug|Any CPU = Debug|Any CPU
		Release|Any CPU = Release|Any CPU
	EndGlobalSection
	GlobalSection(ProjectConfigurationPlatforms) = postSolution
		{5AB6E707-40B6-4192-8624-AF5C59CD186E}.Debug|Any CPU.ActiveCfg = Debug|Any CPU
		{5AB6E707-40B6-4192-8624-AF5C59CD186E}.Debug|Any CPU.Build.0 = Debug|Any CPU
		{5AB6E707-40B6-4192-8624-AF5C59CD186E}.Release|Any CPU.ActiveCfg = Release|Any CPU
		{5AB6E707-40B6-4192-8624-AF5C59CD186E}.Release|Any CPU.Build.0 = Release|Any CPU
	EndGlobalSection
	GlobalSection(SolutionProperties) = preSolution
		HideSolutionNode = FALSE
	EndGlobalSection
	GlobalSection(ExtensibilityGlobals) = postSolution
		SolutionGuid = {E8E354F7-1FC1-4208-A890-DE42492AE6B7}
	EndGlobalSection
EndGlobal
